// !$*UTF8*$!
{
	archiveVersion = 1;
	classes = {
	};
	objectVersion = 50;
	objects = {

/* Begin PBXBuildFile section */
		9B5FC70920F0F34100402DFD /* AppDelegate.swift in Sources */ = {isa = PBXBuildFile; fileRef = 9B5FC70820F0F34100402DFD /* AppDelegate.swift */; };
		9B5FC70B20F0F34100402DFD /* ViewController.swift in Sources */ = {isa = PBXBuildFile; fileRef = 9B5FC70A20F0F34100402DFD /* ViewController.swift */; };
		9B5FC70E20F0F34100402DFD /* Main.storyboard in Resources */ = {isa = PBXBuildFile; fileRef = 9B5FC70C20F0F34100402DFD /* Main.storyboard */; };
		9B5FC71120F0F34100402DFD /* ToDoList.xcdatamodeld in Sources */ = {isa = PBXBuildFile; fileRef = 9B5FC70F20F0F34100402DFD /* ToDoList.xcdatamodeld */; };
		9B5FC71320F0F34100402DFD /* Assets.xcassets in Resources */ = {isa = PBXBuildFile; fileRef = 9B5FC71220F0F34100402DFD /* Assets.xcassets */; };
		9B5FC71620F0F34100402DFD /* LaunchScreen.storyboard in Resources */ = {isa = PBXBuildFile; fileRef = 9B5FC71420F0F34100402DFD /* LaunchScreen.storyboard */; };
		9B5FC71E20F0F57900402DFD /* ToDOListTableTableViewController.swift in Sources */ = {isa = PBXBuildFile; fileRef = 9B5FC71D20F0F57900402DFD /* ToDOListTableTableViewController.swift */; };
		9B5FC72220F10AE700402DFD /* CreateToDoViewController.swift in Sources */ = {isa = PBXBuildFile; fileRef = 9B5FC72120F10AE700402DFD /* CreateToDoViewController.swift */; };
		9B5FC72420F1159800402DFD /* CompleteViewController.swift in Sources */ = {isa = PBXBuildFile; fileRef = 9B5FC72320F1159800402DFD /* CompleteViewController.swift */; };
/* End PBXBuildFile section */

/* Begin PBXFileReference section */
		9B5FC70520F0F34100402DFD /* ToDoList.app */ = {isa = PBXFileReference; explicitFileType = wrapper.application; includeInIndex = 0; path = ToDoList.app; sourceTree = BUILT_PRODUCTS_DIR; };
		9B5FC70820F0F34100402DFD /* AppDelegate.swift */ = {isa = PBXFileReference; lastKnownFileType = sourcecode.swift; path = AppDelegate.swift; sourceTree = "<group>"; };
		9B5FC70A20F0F34100402DFD /* ViewController.swift */ = {isa = PBXFileReference; lastKnownFileType = sourcecode.swift; path = ViewController.swift; sourceTree = "<group>"; };
		9B5FC70D20F0F34100402DFD /* Base */ = {isa = PBXFileReference; lastKnownFileType = file.storyboard; name = Base; path = Base.lproj/Main.storyboard; sourceTree = "<group>"; };
		9B5FC71020F0F34100402DFD /* ToDoList.xcdatamodel */ = {isa = PBXFileReference; lastKnownFileType = wrapper.xcdatamodel; path = ToDoList.xcdatamodel; sourceTree = "<group>"; };
		9B5FC71220F0F34100402DFD /* Assets.xcassets */ = {isa = PBXFileReference; lastKnownFileType = folder.assetcatalog; path = Assets.xcassets; sourceTree = "<group>"; };
		9B5FC71520F0F34100402DFD /* Base */ = {isa = PBXFileReference; lastKnownFileType = file.storyboard; name = Base; path = Base.lproj/LaunchScreen.storyboard; sourceTree = "<group>"; };
		9B5FC71720F0F34200402DFD /* Info.plist */ = {isa = PBXFileReference; lastKnownFileType = text.plist.xml; path = Info.plist; sourceTree = "<group>"; };
		9B5FC71D20F0F57900402DFD /* ToDOListTableTableViewController.swift */ = {isa = PBXFileReference; lastKnownFileType = sourcecode.swift; path = ToDOListTableTableViewController.swift; sourceTree = "<group>"; };
		9B5FC72120F10AE700402DFD /* CreateToDoViewController.swift */ = {isa = PBXFileReference; lastKnownFileType = sourcecode.swift; path = CreateToDoViewController.swift; sourceTree = "<group>"; };
		9B5FC72320F1159800402DFD /* CompleteViewController.swift */ = {isa = PBXFileReference; lastKnownFileType = sourcecode.swift; path = CompleteViewController.swift; sourceTree = "<group>"; };
/* End PBXFileReference section */

/* Begin PBXFrameworksBuildPhase section */
		9B5FC70220F0F34100402DFD /* Frameworks */ = {
			isa = PBXFrameworksBuildPhase;
			buildActionMask = 2147483647;
			files = (
			);
			runOnlyForDeploymentPostprocessing = 0;
		};
/* End PBXFrameworksBuildPhase section */

/* Begin PBXGroup section */
		9B5FC6FC20F0F34100402DFD = {
			isa = PBXGroup;
			children = (
				9B5FC70720F0F34100402DFD /* ToDoList */,
				9B5FC70620F0F34100402DFD /* Products */,
			);
			sourceTree = "<group>";
		};
		9B5FC70620F0F34100402DFD /* Products */ = {
			isa = PBXGroup;
			children = (
				9B5FC70520F0F34100402DFD /* ToDoList.app */,
			);
			name = Products;
			sourceTree = "<group>";
		};
		9B5FC70720F0F34100402DFD /* ToDoList */ = {
			isa = PBXGroup;
			children = (
				9B5FC70820F0F34100402DFD /* AppDelegate.swift */,
				9B5FC70A20F0F34100402DFD /* ViewController.swift */,
				9B5FC70C20F0F34100402DFD /* Main.storyboard */,
				9B5FC71220F0F34100402DFD /* Assets.xcassets */,
				9B5FC71420F0F34100402DFD /* LaunchScreen.storyboard */,
				9B5FC71720F0F34200402DFD /* Info.plist */,
				9B5FC70F20F0F34100402DFD /* ToDoList.xcdatamodeld */,
				9B5FC71D20F0F57900402DFD /* ToDOListTableTableViewController.swift */,
				9B5FC72120F10AE700402DFD /* CreateToDoViewController.swift */,
				9B5FC72320F1159800402DFD /* CompleteViewController.swift */,
			);
			path = ToDoList;
			sourceTree = "<group>";
		};
/* End PBXGroup section */

/* Begin PBXNativeTarget section */
		9B5FC70420F0F34100402DFD /* ToDoList */ = {
			isa = PBXNativeTarget;
			buildConfigurationList = 9B5FC71A20F0F34200402DFD /* Build configuration list for PBXNativeTarget "ToDoList" */;
			buildPhases = (
				9B5FC70120F0F34100402DFD /* Sources */,
				9B5FC70220F0F34100402DFD /* Frameworks */,
				9B5FC70320F0F34100402DFD /* Resources */,
			);
			buildRules = (
			);
			dependencies = (
			);
			name = ToDoList;
			productName = ToDoList;
			productReference = 9B5FC70520F0F34100402DFD /* ToDoList.app */;
			productType = "com.apple.product-type.application";
		};
/* End PBXNativeTarget section */

/* Begin PBXProject section */
		9B5FC6FD20F0F34100402DFD /* Project object */ = {
			isa = PBXProject;
			attributes = {
				LastSwiftUpdateCheck = 0940;
				LastUpgradeCheck = 0940;
				ORGANIZATIONNAME = Devinline;
				TargetAttributes = {
					9B5FC70420F0F34100402DFD = {
						CreatedOnToolsVersion = 9.4.1;
					};
				};
			};
			buildConfigurationList = 9B5FC70020F0F34100402DFD /* Build configuration list for PBXProject "ToDoList" */;
			compatibilityVersion = "Xcode 9.3";
			developmentRegion = en;
			hasScannedForEncodings = 0;
			knownRegions = (
				en,
				Base,
			);
			mainGroup = 9B5FC6FC20F0F34100402DFD;
			productRefGroup = 9B5FC70620F0F34100402DFD /* Products */;
			projectDirPath = "";
			projectRoot = "";
			targets = (
				9B5FC70420F0F34100402DFD /* ToDoList */,
			);
		};
/* End PBXProject section */

/* Begin PBXResourcesBuildPhase section */
		9B5FC70320F0F34100402DFD /* Resources */ = {
			isa = PBXResourcesBuildPhase;
			buildActionMask = 2147483647;
			files = (
				9B5FC71620F0F34100402DFD /* LaunchScreen.storyboard in Resources */,
				9B5FC71320F0F34100402DFD /* Assets.xcassets in Resources */,
				9B5FC70E20F0F34100402DFD /* Main.storyboard in Resources */,
			);
			runOnlyForDeploymentPostprocessing = 0;
		};
/* End PBXResourcesBuildPhase section */

/* Begin PBXSourcesBuildPhase section */
		9B5FC70120F0F34100402DFD /* Sources */ = {
			isa = PBXSourcesBuildPhase;
			buildActionMask = 2147483647;
			files = (
				9B5FC70B20F0F34100402DFD /* ViewController.swift in Sources */,
				9B5FC72220F10AE700402DFD /* CreateToDoViewController.swift in Sources */,
				9B5FC71120F0F34100402DFD /* ToDoList.xcdatamodeld in Sources */,
				9B5FC72420F1159800402DFD /* CompleteViewController.swift in Sources */,
				9B5FC71E20F0F57900402DFD /* ToDOListTableTableViewController.swift in Sources */,
				9B5FC70920F0F34100402DFD /* AppDelegate.swift in Sources */,
			);
			runOnlyForDeploymentPostprocessing = 0;
		};
/* End PBXSourcesBuildPhase section */

/* Begin PBXVariantGroup section */
		9B5FC70C20F0F34100402DFD /* Main.storyboard */ = {
			isa = PBXVariantGroup;
			children = (
				9B5FC70D20F0F34100402DFD /* Base */,
			);
			name = Main.storyboard;
			sourceTree = "<group>";
		};
		9B5FC71420F0F34100402DFD /* LaunchScreen.storyboard */ = {
			isa = PBXVariantGroup;
			children = (
				9B5FC71520F0F34100402DFD /* Base */,
			);
			name = LaunchScreen.storyboard;
			sourceTree = "<group>";
		};
/* End PBXVariantGroup section */

/* Begin XCBuildConfiguration section */
		9B5FC71820F0F34200402DFD /* Debug */ = {
			isa = XCBuildConfiguration;
			buildSettings = {
				ALWAYS_SEARCH_USER_PATHS = NO;
				CLANG_ANALYZER_NONNULL = YES;
				CLANG_ANALYZER_NUMBER_OBJECT_CONVERSION = YES_AGGRESSIVE;
				CLANG_CXX_LANGUAGE_STANDARD = "gnu++14";
				CLANG_CXX_LIBRARY = "libc++";
				CLANG_ENABLE_MODULES = YES;
				CLANG_ENABLE_OBJC_ARC = YES;
				CLANG_ENABLE_OBJC_WEAK = YES;
				CLANG_WARN_BLOCK_CAPTURE_AUTORELEASING = YES;
				CLANG_WARN_BOOL_CONVERSION = YES;
				CLANG_WARN_COMMA = YES;
				CLANG_WARN_CONSTANT_CONVERSION = YES;
				CLANG_WARN_DEPRECATED_OBJC_IMPLEMENTATIONS = YES;
				CLANG_WARN_DIRECT_OBJC_ISA_USAGE = YES_ERROR;
				CLANG_WARN_DOCUMENTATION_COMMENTS = YES;
				CLANG_WARN_EMPTY_BODY = YES;
				CLANG_WARN_ENUM_CONVERSION = YES;
				CLANG_WARN_INFINITE_RECURSION = YES;
				CLANG_WARN_INT_CONVERSION = YES;
				CLANG_WARN_NON_LITERAL_NULL_CONVERSION = YES;
				CLANG_WARN_OBJC_IMPLICIT_RETAIN_SELF = YES;
				CLANG_WARN_OBJC_LITERAL_CONVERSION = YES;
				CLANG_WARN_OBJC_ROOT_CLASS = YES_ERROR;
				CLANG_WARN_RANGE_LOOP_ANALYSIS = YES;
				CLANG_WARN_STRICT_PROTOTYPES = YES;
				CLANG_WARN_SUSPICIOUS_MOVE = YES;
				CLANG_WARN_UNGUARDED_AVAILABILITY = YES_AGGRESSIVE;
				CLANG_WARN_UNREACHABLE_CODE = YES;
				CLANG_WARN__DUPLICATE_METHOD_MATCH = YES;
				CODE_SIGN_IDENTITY = "iPhone Developer";
				COPY_PHASE_STRIP = NO;
				DEBUG_INFORMATION_FORMAT = dwarf;
				ENABLE_STRICT_OBJC_MSGSEND = YES;
				ENABLE_TESTABILITY = YES;
				GCC_C_LANGUAGE_STANDARD = gnu11;
				GCC_DYNAMIC_NO_PIC = NO;
				GCC_NO_COMMON_BLOCKS = YES;
				GCC_OPTIMIZATION_LEVEL = 0;
				GCC_PREPROCESSOR_DEFINITIONS = (
					"DEBUG=1",
					"$(inherited)",
				);
				GCC_WARN_64_TO_32_BIT_CONVERSION = YES;
				GCC_WARN_ABOUT_RETURN_TYPE = YES_ERROR;
				GCC_WARN_UNDECLARED_SELECTOR = YES;
				GCC_WARN_UNINITIALIZED_AUTOS = YES_AGGRESSIVE;
				GCC_WARN_UNUSED_FUNCTION = YES;
				GCC_WARN_UNUSED_VARIABLE = YES;
				IPHONEOS_DEPLOYMENT_TARGET = 11.4;
				MTL_ENABLE_DEBUG_INFO = YES;
				ONLY_ACTIVE_ARCH = YES;
				SDKROOT = iphoneos;
				SWIFT_ACTIVE_COMPILATION_CONDITIONS = DEBUG;
				SWIFT_OPTIMIZATION_LEVEL = "-Onone";
			};
			name = Debug;
		};
		9B5FC71920F0F34200402DFD /* Release */ = {
			isa = XCBuildConfiguration;
			buildSettings = {
				ALWAYS_SEARCH_USER_PATHS = NO;
				CLANG_ANALYZER_NONNULL = YES;
				CLANG_ANALYZER_NUMBER_OBJECT_CONVERSION = YES_AGGRESSIVE;
				CLANG_CXX_LANGUAGE_STANDARD = "gnu++14";
				CLANG_CXX_LIBRARY = "libc++";
				CLANG_ENABLE_MODULES = YES;
				CLANG_ENABLE_OBJC_ARC = YES;
				CLANG_ENABLE_OBJC_WEAK = YES;
				CLANG_WARN_BLOCK_CAPTURE_AUTORELEASING = YES;
				CLANG_WARN_BOOL_CONVERSION = YES;
				CLANG_WARN_COMMA = YES;
				CLANG_WARN_CONSTANT_CONVERSION = YES;
				CLANG_WARN_DEPRECATED_OBJC_IMPLEMENTATIONS = YES;
				CLANG_WARN_DIRECT_OBJC_ISA_USAGE = YES_ERROR;
				CLANG_WARN_DOCUMENTATION_COMMENTS = YES;
				CLANG_WARN_EMPTY_BODY = YES;
				CLANG_WARN_ENUM_CONVERSION = YES;
				CLANG_WARN_INFINITE_RECURSION = YES;
				CLANG_WARN_INT_CONVERSION = YES;
				CLANG_WARN_NON_LITERAL_NULL_CONVERSION = YES;
				CLANG_WARN_OBJC_IMPLICIT_RETAIN_SELF = YES;
				CLANG_WARN_OBJC_LITERAL_CONVERSION = YES;
				CLANG_WARN_OBJC_ROOT_CLASS = YES_ERROR;
				CLANG_WARN_RANGE_LOOP_ANALYSIS = YES;
				CLANG_WARN_STRICT_PROTOTYPES = YES;
				CLANG_WARN_SUSPICIOUS_MOVE = YES;
				CLANG_WARN_UNGUARDED_AVAILABILITY = YES_AGGRESSIVE;
				CLANG_WARN_UNREACHABLE_CODE = YES;
				CLANG_WARN__DUPLICATE_METHOD_MATCH = YES;
				CODE_SIGN_IDENTITY = "iPhone Developer";
				COPY_PHASE_STRIP = NO;
				DEBUG_INFORMATION_FORMAT = "dwarf-with-dsym";
				ENABLE_NS_ASSERTIONS = NO;
				ENABLE_STRICT_OBJC_MSGSEND = YES;
				GCC_C_LANGUAGE_STANDARD = gnu11;
				GCC_NO_COMMON_BLOCKS = YES;
				GCC_WARN_64_TO_32_BIT_CONVERSION = YES;
				GCC_WARN_ABOUT_RETURN_TYPE = YES_ERROR;
				GCC_WARN_UNDECLARED_SELECTOR = YES;
				GCC_WARN_UNINITIALIZED_AUTOS = YES_AGGRESSIVE;
				GCC_WARN_UNUSED_FUNCTION = YES;
				GCC_WARN_UNUSED_VARIABLE = YES;
				IPHONEOS_DEPLOYMENT_TARGET = 11.4;
				MTL_ENABLE_DEBUG_INFO = NO;
				SDKROOT = iphoneos;
				SWIFT_COMPILATION_MODE = wholemodule;
				SWIFT_OPTIMIZATION_LEVEL = "-O";
				VALIDATE_PRODUCT = YES;
			};
			name = Release;
		};
		9B5FC71B20F0F34200402DFD /* Debug */ = {
			isa = XCBuildConfiguration;
			buildSettings = {
				ASSETCATALOG_COMPILER_APPICON_NAME = AppIcon;
				CODE_SIGN_STYLE = Automatic;
				INFOPLIST_FILE = ToDoList/Info.plist;
				LD_RUNPATH_SEARCH_PATHS = (
					"$(inherited)",
					"@executable_path/Frameworks",
				);
				PRODUCT_BUNDLE_IDENTIFIER = www.devinline.coom.ToDoList;
				PRODUCT_NAME = "$(TARGET_NAME)";
				SWIFT_VERSION = 4.0;
				TARGETED_DEVICE_FAMILY = "1,2";
			};
			name = Debug;
		};
		9B5FC71C20F0F34200402DFD /* Release */ = {
			isa = XCBuildConfiguration;
			buildSettings = {
				ASSETCATALOG_COMPILER_APPICON_NAME = AppIcon;
				CODE_SIGN_STYLE = Automatic;
				INFOPLIST_FILE = ToDoList/Info.plist;
				LD_RUNPATH_SEARCH_PATHS = (
					"$(inherited)",
					"@executable_path/Frameworks",
				);
				PRODUCT_BUNDLE_IDENTIFIER = www.devinline.coom.ToDoList;
				PRODUCT_NAME = "$(TARGET_NAME)";
				SWIFT_VERSION = 4.0;
				TARGETED_DEVICE_FAMILY = "1,2";
			};
			name = Release;
		};
/* End XCBuildConfiguration section */

/* Begin XCConfigurationList section */
		9B5FC70020F0F34100402DFD /* Build configuration list for PBXProject "ToDoList" */ = {
			isa = XCConfigurationList;
			buildConfigurations = (
				9B5FC71820F0F34200402DFD /* Debug */,
				9B5FC71920F0F34200402DFD /* Release */,
			);
			defaultConfigurationIsVisible = 0;
			defaultConfigurationName = Release;
		};
		9B5FC71A20F0F34200402DFD /* Build configuration list for PBXNativeTarget "ToDoList" */ = {
			isa = XCConfigurationList;
			buildConfigurations = (
				9B5FC71B20F0F34200402DFD /* Debug */,
				9B5FC71C20F0F34200402DFD /* Release */,
			);
			defaultConfigurationIsVisible = 0;
			defaultConfigurationName = Release;
		};
/* End XCConfigurationList section */

/* Begin XCVersionGroup section */
		9B5FC70F20F0F34100402DFD /* ToDoList.xcdatamodeld */ = {
			isa = XCVersionGroup;
			children = (
				9B5FC71020F0F34100402DFD /* ToDoList.xcdatamodel */,
			);
			currentVersion = 9B5FC71020F0F34100402DFD /* ToDoList.xcdatamodel */;
			path = ToDoList.xcdatamodeld;
			sourceTree = "<group>";
			versionGroupType = wrapper.xcdatamodel;
		};
/* End XCVersionGroup section */
	};
	rootObject = 9B5FC6FD20F0F34100402DFD /* Project object */;
}
